
Microsoft Visual Studio Solution File, Format Version 12.00
Project("{FAE04EC0-301F-11D3-BF4B-00C04F79EFBC}") = "FinalValueOfVariableAfterPerformingOperations", "FinalValueOfVariableAfterPerformingOperations\FinalValueOfVariableAfterPerformingOperations.csproj", "{342BE174-E2AE-41D1-8C3C-1E4A6018689D}"
EndProject
Global
	GlobalSection(SolutionConfigurationPlatforms) = preSolution
		Debug|Any CPU = Debug|Any CPU
		Release|Any CPU = Release|Any CPU
	EndGlobalSection
	GlobalSection(ProjectConfigurationPlatforms) = postSolution
		{342BE174-E2AE-41D1-8C3C-1E4A6018689D}.Debug|Any CPU.ActiveCfg = Debug|Any CPU
		{342BE174-E2AE-41D1-8C3C-1E4A6018689D}.Debug|Any CPU.Build.0 = Debug|Any CPU
		{342BE174-E2AE-41D1-8C3C-1E4A6018689D}.Release|Any CPU.ActiveCfg = Release|Any CPU
		{342BE174-E2AE-41D1-8C3C-1E4A6018689D}.Release|Any CPU.Build.0 = Release|Any CPU
	EndGlobalSection
EndGlobal
